
Microsoft Visual Studio Solution File, Format Version 12.00
# Visual Studio 15
VisualStudioVersion = 15.0.28307.329
MinimumVisualStudioVersion = 10.0.40219.1
Project("{FAE04EC0-301F-11D3-BF4B-00C04F79EFBC}") = "csharpbeginning", "csharpbeginning\csharpbeginning.csproj", "{8B179390-8D78-4FCF-9BDC-2E8A191BB105}"
EndProject
Global
	GlobalSection(SolutionConfigurationPlatforms) = preSolution
		Debug|Any CPU = Debug|Any CPU
		Release|Any CPU = Release|Any CPU
	EndGlobalSection
	GlobalSection(ProjectConfigurationPlatforms) = postSolution
		{8B179390-8D78-4FCF-9BDC-2E8A191BB105}.Debug|Any CPU.ActiveCfg = Debug|Any CPU
		{8B179390-8D78-4FCF-9BDC-2E8A191BB105}.Debug|Any CPU.Build.0 = Debug|Any CPU
		{8B179390-8D78-4FCF-9BDC-2E8A191BB105}.Release|Any CPU.ActiveCfg = Release|Any CPU
		{8B179390-8D78-4FCF-9BDC-2E8A191BB105}.Release|Any CPU.Build.0 = Release|Any CPU
	EndGlobalSection
	GlobalSection(SolutionProperties) = preSolution
		HideSolutionNode = FALSE
	EndGlobalSection
	GlobalSection(ExtensibilityGlobals) = postSolution
		SolutionGuid = {E1E25B09-ED01-4F27-B45A-635522B3B01E}
	EndGlobalSection
EndGlobal
